STORAGE: NONE
RESTRICTION: == net10.0
NUGET
  remote: https://api.nuget.org/v3/index.json
    Expecto (10.2.3)
      FSharp.Core (>= 7.0.200)
      Mono.Cecil (>= 0.11.4 < 1.0)
    Fable.Browser.Blob (1.4)
      Fable.Core (>= 3.2.8)
      FSharp.Core (>= 4.7.2)
    Fable.Browser.Dom (2.20)
      Fable.Browser.Blob (>= 1.4)
      Fable.Browser.Event (>= 1.7)
      Fable.Browser.WebStorage (>= 1.3)
      Fable.Core (>= 3.2.8)
      FSharp.Core (>= 4.7.2)
    Fable.Browser.Event (1.7)
      Fable.Browser.Gamepad (>= 1.3)
      Fable.Core (>= 3.2.8)
      FSharp.Core (>= 4.7.2)
    Fable.Browser.Gamepad (1.3)
      Fable.Core (>= 3.2.8)
      FSharp.Core (>= 4.7.2)
    Fable.Browser.WebStorage (1.3)
      Fable.Browser.Event (>= 1.6)
      Fable.Core (>= 3.2.8)
      FSharp.Core (>= 4.7.2)
    Fable.Browser.XMLHttpRequest (1.4)
      Fable.Browser.Blob (>= 1.4)
      Fable.Browser.Event (>= 1.6)
      Fable.Core (>= 3.2.8)
      FSharp.Core (>= 4.7.2)
    Fable.Core (4.5)
    Fable.Mocha (2.17)
      Fable.Core (>= 3.0)
      FSharp.Core (>= 4.7)
    Fable.Parsimmon (4.1)
      Fable.Core (>= 3.0)
      FSharp.Core (>= 4.6.2)
    Fable.Remoting.AspNetCore (3.1)
      Fable.Remoting.Server (>= 6.1)
      FSharp.Core (>= 10.1.202 < 10.2)
      Microsoft.AspNetCore.Http.Abstractions (>= 2.3)
      Microsoft.IO.RecyclableMemoryStream (>= 3.0.1 < 3.1)
    Fable.Remoting.Client (8.0)
      Fable.Browser.Dom (>= 2.7)
      Fable.Browser.XMLHttpRequest (>= 1.0)
      Fable.Core (>= 3.1.5)
      Fable.Remoting.MsgPack (>= 2.0)
      Fable.SimpleJson (>= 3.24 < 3.25)
      FSharp.Core (>= 4.7.2)
    Fable.Remoting.Json (3.0)
      FSharp.Core (>= 10.1.202 < 10.2)
      Newtonsoft.Json (>= 13.0.1)
    Fable.Remoting.MsgPack (2.0)
      FSharp.Core (>= 4.7.2)
    Fable.Remoting.Server (6.1)
      Fable.Remoting.Json (>= 3.0)
      Fable.Remoting.MsgPack (>= 2.0)
      FSharp.Core (>= 10.1.202 < 10.2)
      Microsoft.AspNetCore.WebUtilities (>= 2.3)
      Microsoft.IO.RecyclableMemoryStream (>= 3.0.1 < 3.1)
      Microsoft.Net.Http.Headers (>= 2.3)
    Fable.SimpleJson (3.24)
      Fable.Core (>= 3.1.5)
      Fable.Parsimmon (>= 4.0)
      FSharp.Core (>= 4.7)
    FSharp.Core (10.1.401)
    Microsoft.AspNetCore.Http.Abstractions (2.3.13)
      Microsoft.AspNetCore.Http.Features (>= 2.3.12)
      System.Text.Encodings.Web (>= 8.0)
    Microsoft.AspNetCore.Http.Features (5.0.17)
      Microsoft.Extensions.Primitives (>= 5.0.1)
      System.IO.Pipelines (>= 5.0.2)
    Microsoft.AspNetCore.WebUtilities (10.0.12)
      Microsoft.Net.Http.Headers (>= 10.0.12)
    Microsoft.Extensions.Primitives (10.0.12)
    Microsoft.IO.RecyclableMemoryStream (3.0.1)
    Microsoft.Net.Http.Headers (10.0.12)
      Microsoft.Extensions.Primitives (>= 10.0.12)
    Mono.Cecil (0.11.6)
    Newtonsoft.Json (13.0.4)
    System.IO.Pipelines (10.0.12)
    System.Text.Encodings.Web (10.0.12)
